// !$*UTF8*$!
{
	archiveVersion = 1;
	classes = {
	};
	objectVersion = 50;
	objects = {

/* Begin PBXBuildFile section */
		79E7610E2272C16100CE3120 /* NVDSP.mm in Sources */ = {isa = PBXBuildFile; fileRef = 79E760F12272C16100CE3120 /* NVDSP.mm */; };
		79E7610F2272C16100CE3120 /* NVDSP.h in Headers */ = {isa = PBXBuildFile; fileRef = 79E760F22272C16100CE3120 /* NVDSP.h */; };
		79E761102272C16100CE3120 /* NVDSP.podspec in Resources */ = {isa = PBXBuildFile; fileRef = 79E760F32272C16100CE3120 /* NVDSP.podspec */; };
		79E761112272C16100CE3120 /* license.txt in Resources */ = {isa = PBXBuildFile; fileRef = 79E760F42272C16100CE3120 /* license.txt */; };
		79E761122272C16100CE3120 /* README.md in Resources */ = {isa = PBXBuildFile; fileRef = 79E760F52272C16100CE3120 /* README.md */; };
		79E761132272C16100CE3120 /* NVClippingDetection.m in Sources */ = {isa = PBXBuildFile; fileRef = 79E760F72272C16100CE3120 /* NVClippingDetection.m */; };
		79E761142272C16100CE3120 /* NVSoundLevelMeter.m in Sources */ = {isa = PBXBuildFile; fileRef = 79E760F82272C16100CE3120 /* NVSoundLevelMeter.m */; };
		79E761152272C16100CE3120 /* NVClippingDetection.h in Headers */ = {isa = PBXBuildFile; fileRef = 79E760F92272C16100CE3120 /* NVClippingDetection.h */; };
		79E761162272C16100CE3120 /* NVSoundLevelMeter.h in Headers */ = {isa = PBXBuildFile; fileRef = 79E760FA2272C16100CE3120 /* NVSoundLevelMeter.h */; };
		79E761172272C16100CE3120 /* NVBandpassQPeakGainFilter.h in Headers */ = {isa = PBXBuildFile; fileRef = 79E760FC2272C16100CE3120 /* NVBandpassQPeakGainFilter.h */; };
		79E761182272C16100CE3120 /* NVBandpassFilter.m in Sources */ = {isa = PBXBuildFile; fileRef = 79E760FD2272C16100CE3120 /* NVBandpassFilter.m */; };
		79E761192272C16100CE3120 /* NVHighShelvingFilter.h in Headers */ = {isa = PBXBuildFile; fileRef = 79E760FE2272C16100CE3120 /* NVHighShelvingFilter.h */; };
		79E7611A2272C16100CE3120 /* NVNotchFilter.m in Sources */ = {isa = PBXBuildFile; fileRef = 79E760FF2272C16100CE3120 /* NVNotchFilter.m */; };
		79E7611B2272C16100CE3120 /* NVLowShelvingFilter.m in Sources */ = {isa = PBXBuildFile; fileRef = 79E761002272C16100CE3120 /* NVLowShelvingFilter.m */; };
		79E7611C2272C16100CE3120 /* NVHighpassFilter.m in Sources */ = {isa = PBXBuildFile; fileRef = 79E761012272C16100CE3120 /* NVHighpassFilter.m */; };
		79E7611D2272C16100CE3120 /* NVAllpassFilter.h in Headers */ = {isa = PBXBuildFile; fileRef = 79E761022272C16100CE3120 /* NVAllpassFilter.h */; };
		79E7611E2272C16100CE3120 /* NVPeakingEQFilter.m in Sources */ = {isa = PBXBuildFile; fileRef = 79E761032272C16100CE3120 /* NVPeakingEQFilter.m */; };
		79E7611F2272C16100CE3120 /* NVLowpassFilter.h in Headers */ = {isa = PBXBuildFile; fileRef = 79E761042272C16100CE3120 /* NVLowpassFilter.h */; };
		79E761202272C16100CE3120 /* NVBandpassFilter.h in Headers */ = {isa = PBXBuildFile; fileRef = 79E761052272C16100CE3120 /* NVBandpassFilter.h */; };
		79E761212272C16100CE3120 /* NVBandpassQPeakGainFilter.m in Sources */ = {isa = PBXBuildFile; fileRef = 79E761062272C16100CE3120 /* NVBandpassQPeakGainFilter.m */; };
		79E761222272C16100CE3120 /* NVHighShelvingFilter.m in Sources */ = {isa = PBXBuildFile; fileRef = 79E761072272C16100CE3120 /* NVHighShelvingFilter.m */; };
		79E761232272C16100CE3120 /* NVHighpassFilter.h in Headers */ = {isa = PBXBuildFile; fileRef = 79E761082272C16100CE3120 /* NVHighpassFilter.h */; };
		79E761242272C16100CE3120 /* NVLowShelvingFilter.h in Headers */ = {isa = PBXBuildFile; fileRef = 79E761092272C16100CE3120 /* NVLowShelvingFilter.h */; };
		79E761252272C16100CE3120 /* NVNotchFilter.h in Headers */ = {isa = PBXBuildFile; fileRef = 79E7610A2272C16100CE3120 /* NVNotchFilter.h */; };
		79E761262272C16100CE3120 /* NVLowpassFilter.m in Sources */ = {isa = PBXBuildFile; fileRef = 79E7610B2272C16100CE3120 /* NVLowpassFilter.m */; };
		79E761272272C16100CE3120 /* NVPeakingEQFilter.h in Headers */ = {isa = PBXBuildFile; fileRef = 79E7610C2272C16100CE3120 /* NVPeakingEQFilter.h */; };
		79E761282272C16100CE3120 /* NVAllpassFilter.m in Sources */ = {isa = PBXBuildFile; fileRef = 79E7610D2272C16100CE3120 /* NVAllpassFilter.m */; };
/* End PBXBuildFile section */

/* Begin PBXFileReference section */
		79E760E62272C0E900CE3120 /* NVDSP.framework */ = {isa = PBXFileReference; explicitFileType = wrapper.framework; includeInIndex = 0; path = NVDSP.framework; sourceTree = BUILT_PRODUCTS_DIR; };
		79E760EA2272C0E900CE3120 /* Info.plist */ = {isa = PBXFileReference; lastKnownFileType = text.plist.xml; path = Info.plist; sourceTree = "<group>"; };
		79E760F12272C16100CE3120 /* NVDSP.mm */ = {isa = PBXFileReference; fileEncoding = 4; lastKnownFileType = sourcecode.cpp.objcpp; path = NVDSP.mm; sourceTree = "<group>"; };
		79E760F22272C16100CE3120 /* NVDSP.h */ = {isa = PBXFileReference; fileEncoding = 4; lastKnownFileType = sourcecode.c.h; path = NVDSP.h; sourceTree = "<group>"; };
		79E760F32272C16100CE3120 /* NVDSP.podspec */ = {isa = PBXFileReference; fileEncoding = 4; lastKnownFileType = text; path = NVDSP.podspec; sourceTree = "<group>"; };
		79E760F42272C16100CE3120 /* license.txt */ = {isa = PBXFileReference; fileEncoding = 4; lastKnownFileType = text; path = license.txt; sourceTree = "<group>"; };
		79E760F52272C16100CE3120 /* README.md */ = {isa = PBXFileReference; fileEncoding = 4; lastKnownFileType = net.daringfireball.markdown; path = README.md; sourceTree = "<group>"; };
		79E760F72272C16100CE3120 /* NVClippingDetection.m */ = {isa = PBXFileReference; fileEncoding = 4; lastKnownFileType = sourcecode.c.objc; path = NVClippingDetection.m; sourceTree = "<group>"; };
		79E760F82272C16100CE3120 /* NVSoundLevelMeter.m */ = {isa = PBXFileReference; fileEncoding = 4; lastKnownFileType = sourcecode.c.objc; path = NVSoundLevelMeter.m; sourceTree = "<group>"; };
		79E760F92272C16100CE3120 /* NVClippingDetection.h */ = {isa = PBXFileReference; fileEncoding = 4; lastKnownFileType = sourcecode.c.h; path = NVClippingDetection.h; sourceTree = "<group>"; };
		79E760FA2272C16100CE3120 /* NVSoundLevelMeter.h */ = {isa = PBXFileReference; fileEncoding = 4; lastKnownFileType = sourcecode.c.h; path = NVSoundLevelMeter.h; sourceTree = "<group>"; };
		79E760FC2272C16100CE3120 /* NVBandpassQPeakGainFilter.h */ = {isa = PBXFileReference; fileEncoding = 4; lastKnownFileType = sourcecode.c.h; path = NVBandpassQPeakGainFilter.h; sourceTree = "<group>"; };
		79E760FD2272C16100CE3120 /* NVBandpassFilter.m */ = {isa = PBXFileReference; fileEncoding = 4; lastKnownFileType = sourcecode.c.objc; path = NVBandpassFilter.m; sourceTree = "<group>"; };
		79E760FE2272C16100CE3120 /* NVHighShelvingFilter.h */ = {isa = PBXFileReference; fileEncoding = 4; lastKnownFileType = sourcecode.c.h; path = NVHighShelvingFilter.h; sourceTree = "<group>"; };
		79E760FF2272C16100CE3120 /* NVNotchFilter.m */ = {isa = PBXFileReference; fileEncoding = 4; lastKnownFileType = sourcecode.c.objc; path = NVNotchFilter.m; sourceTree = "<group>"; };
		79E761002272C16100CE3120 /* NVLowShelvingFilter.m */ = {isa = PBXFileReference; fileEncoding = 4; lastKnownFileType = sourcecode.c.objc; path = NVLowShelvingFilter.m; sourceTree = "<group>"; };
		79E761012272C16100CE3120 /* NVHighpassFilter.m */ = {isa = PBXFileReference; fileEncoding = 4; lastKnownFileType = sourcecode.c.objc; path = NVHighpassFilter.m; sourceTree = "<group>"; };
		79E761022272C16100CE3120 /* NVAllpassFilter.h */ = {isa = PBXFileReference; fileEncoding = 4; lastKnownFileType = sourcecode.c.h; path = NVAllpassFilter.h; sourceTree = "<group>"; };
		79E761032272C16100CE3120 /* NVPeakingEQFilter.m */ = {isa = PBXFileReference; fileEncoding = 4; lastKnownFileType = sourcecode.c.objc; path = NVPeakingEQFilter.m; sourceTree = "<group>"; };
		79E761042272C16100CE3120 /* NVLowpassFilter.h */ = {isa = PBXFileReference; fileEncoding = 4; lastKnownFileType = sourcecode.c.h; path = NVLowpassFilter.h; sourceTree = "<group>"; };
		79E761052272C16100CE3120 /* NVBandpassFilter.h */ = {isa = PBXFileReference; fileEncoding = 4; lastKnownFileType = sourcecode.c.h; path = NVBandpassFilter.h; sourceTree = "<group>"; };
		79E761062272C16100CE3120 /* NVBandpassQPeakGainFilter.m */ = {isa = PBXFileReference; fileEncoding = 4; lastKnownFileType = sourcecode.c.objc; path = NVBandpassQPeakGainFilter.m; sourceTree = "<group>"; };
		79E761072272C16100CE3120 /* NVHighShelvingFilter.m */ = {isa = PBXFileReference; fileEncoding = 4; lastKnownFileType = sourcecode.c.objc; path = NVHighShelvingFilter.m; sourceTree = "<group>"; };
		79E761082272C16100CE3120 /* NVHighpassFilter.h */ = {isa = PBXFileReference; fileEncoding = 4; lastKnownFileType = sourcecode.c.h; path = NVHighpassFilter.h; sourceTree = "<group>"; };
		79E761092272C16100CE3120 /* NVLowShelvingFilter.h */ = {isa = PBXFileReference; fileEncoding = 4; lastKnownFileType = sourcecode.c.h; path = NVLowShelvingFilter.h; sourceTree = "<group>"; };
		79E7610A2272C16100CE3120 /* NVNotchFilter.h */ = {isa = PBXFileReference; fileEncoding = 4; lastKnownFileType = sourcecode.c.h; path = NVNotchFilter.h; sourceTree = "<group>"; };
		79E7610B2272C16100CE3120 /* NVLowpassFilter.m */ = {isa = PBXFileReference; fileEncoding = 4; lastKnownFileType = sourcecode.c.objc; path = NVLowpassFilter.m; sourceTree = "<group>"; };
		79E7610C2272C16100CE3120 /* NVPeakingEQFilter.h */ = {isa = PBXFileReference; fileEncoding = 4; lastKnownFileType = sourcecode.c.h; path = NVPeakingEQFilter.h; sourceTree = "<group>"; };
		79E7610D2272C16100CE3120 /* NVAllpassFilter.m */ = {isa = PBXFileReference; fileEncoding = 4; lastKnownFileType = sourcecode.c.objc; path = NVAllpassFilter.m; sourceTree = "<group>"; };
/* End PBXFileReference section */

/* Begin PBXFrameworksBuildPhase section */
		79E760E32272C0E900CE3120 /* Frameworks */ = {
			isa = PBXFrameworksBuildPhase;
			buildActionMask = 2147483647;
			files = (
			);
			runOnlyForDeploymentPostprocessing = 0;
		};
/* End PBXFrameworksBuildPhase section */

/* Begin PBXGroup section */
		79E760DC2272C0E900CE3120 = {
			isa = PBXGroup;
			children = (
				79E760E82272C0E900CE3120 /* NVDSP */,
				79E760E72272C0E900CE3120 /* Products */,
			);
			sourceTree = "<group>";
		};
		79E760E72272C0E900CE3120 /* Products */ = {
			isa = PBXGroup;
			children = (
				79E760E62272C0E900CE3120 /* NVDSP.framework */,
			);
			name = Products;
			sourceTree = "<group>";
		};
		79E760E82272C0E900CE3120 /* NVDSP */ = {
			isa = PBXGroup;
			children = (
				79E760FB2272C16100CE3120 /* Filters */,
				79E760F42272C16100CE3120 /* license.txt */,
				79E760F22272C16100CE3120 /* NVDSP.h */,
				79E760F12272C16100CE3120 /* NVDSP.mm */,
				79E760F32272C16100CE3120 /* NVDSP.podspec */,
				79E760F52272C16100CE3120 /* README.md */,
				79E760F62272C16100CE3120 /* Utilities */,
				79E760EA2272C0E900CE3120 /* Info.plist */,
			);
			path = NVDSP;
			sourceTree = "<group>";
		};
		79E760F62272C16100CE3120 /* Utilities */ = {
			isa = PBXGroup;
			children = (
				79E760F72272C16100CE3120 /* NVClippingDetection.m */,
				79E760F82272C16100CE3120 /* NVSoundLevelMeter.m */,
				79E760F92272C16100CE3120 /* NVClippingDetection.h */,
				79E760FA2272C16100CE3120 /* NVSoundLevelMeter.h */,
			);
			path = Utilities;
			sourceTree = "<group>";
		};
		79E760FB2272C16100CE3120 /* Filters */ = {
			isa = PBXGroup;
			children = (
				79E760FC2272C16100CE3120 /* NVBandpassQPeakGainFilter.h */,
				79E760FD2272C16100CE3120 /* NVBandpassFilter.m */,
				79E760FE2272C16100CE3120 /* NVHighShelvingFilter.h */,
				79E760FF2272C16100CE3120 /* NVNotchFilter.m */,
				79E761002272C16100CE3120 /* NVLowShelvingFilter.m */,
				79E761012272C16100CE3120 /* NVHighpassFilter.m */,
				79E761022272C16100CE3120 /* NVAllpassFilter.h */,
				79E761032272C16100CE3120 /* NVPeakingEQFilter.m */,
				79E761042272C16100CE3120 /* NVLowpassFilter.h */,
				79E761052272C16100CE3120 /* NVBandpassFilter.h */,
				79E761062272C16100CE3120 /* NVBandpassQPeakGainFilter.m */,
				79E761072272C16100CE3120 /* NVHighShelvingFilter.m */,
				79E761082272C16100CE3120 /* NVHighpassFilter.h */,
				79E761092272C16100CE3120 /* NVLowShelvingFilter.h */,
				79E7610A2272C16100CE3120 /* NVNotchFilter.h */,
				79E7610B2272C16100CE3120 /* NVLowpassFilter.m */,
				79E7610C2272C16100CE3120 /* NVPeakingEQFilter.h */,
				79E7610D2272C16100CE3120 /* NVAllpassFilter.m */,
			);
			path = Filters;
			sourceTree = "<group>";
		};
/* End PBXGroup section */

/* Begin PBXHeadersBuildPhase section */
		79E760E12272C0E900CE3120 /* Headers */ = {
			isa = PBXHeadersBuildPhase;
			buildActionMask = 2147483647;
			files = (
				79E761272272C16100CE3120 /* NVPeakingEQFilter.h in Headers */,
				79E761232272C16100CE3120 /* NVHighpassFilter.h in Headers */,
				79E7611F2272C16100CE3120 /* NVLowpassFilter.h in Headers */,
				79E761172272C16100CE3120 /* NVBandpassQPeakGainFilter.h in Headers */,
				79E7611D2272C16100CE3120 /* NVAllpassFilter.h in Headers */,
				79E761192272C16100CE3120 /* NVHighShelvingFilter.h in Headers */,
				79E761252272C16100CE3120 /* NVNotchFilter.h in Headers */,
				79E761152272C16100CE3120 /* NVClippingDetection.h in Headers */,
				79E7610F2272C16100CE3120 /* NVDSP.h in Headers */,
				79E761202272C16100CE3120 /* NVBandpassFilter.h in Headers */,
				79E761162272C16100CE3120 /* NVSoundLevelMeter.h in Headers */,
				79E761242272C16100CE3120 /* NVLowShelvingFilter.h in Headers */,
			);
			runOnlyForDeploymentPostprocessing = 0;
		};
/* End PBXHeadersBuildPhase section */

/* Begin PBXNativeTarget section */
		79E760E52272C0E900CE3120 /* NVDSP */ = {
			isa = PBXNativeTarget;
			buildConfigurationList = 79E760EE2272C0E900CE3120 /* Build configuration list for PBXNativeTarget "NVDSP" */;
			buildPhases = (
				79E760E12272C0E900CE3120 /* Headers */,
				79E760E22272C0E900CE3120 /* Sources */,
				79E760E32272C0E900CE3120 /* Frameworks */,
				79E760E42272C0E900CE3120 /* Resources */,
			);
			buildRules = (
			);
			dependencies = (
			);
			name = NVDSP;
			productName = NVDSP;
			productReference = 79E760E62272C0E900CE3120 /* NVDSP.framework */;
			productType = "com.apple.product-type.framework";
		};
/* End PBXNativeTarget section */

/* Begin PBXProject section */
		79E760DD2272C0E900CE3120 /* Project object */ = {
			isa = PBXProject;
			attributes = {
				LastUpgradeCheck = 1020;
				ORGANIZATIONNAME = BlackBricks;
				TargetAttributes = {
					79E760E52272C0E900CE3120 = {
						CreatedOnToolsVersion = 10.2.1;
					};
				};
			};
			buildConfigurationList = 79E760E02272C0E900CE3120 /* Build configuration list for PBXProject "NVDSP" */;
			compatibilityVersion = "Xcode 9.3";
			developmentRegion = en;
			hasScannedForEncodings = 0;
			knownRegions = (
				en,
			);
			mainGroup = 79E760DC2272C0E900CE3120;
			productRefGroup = 79E760E72272C0E900CE3120 /* Products */;
			projectDirPath = "";
			projectRoot = "";
			targets = (
				79E760E52272C0E900CE3120 /* NVDSP */,
			);
		};
/* End PBXProject section */

/* Begin PBXResourcesBuildPhase section */
		79E760E42272C0E900CE3120 /* Resources */ = {
			isa = PBXResourcesBuildPhase;
			buildActionMask = 2147483647;
			files = (
				79E761122272C16100CE3120 /* README.md in Resources */,
				79E761112272C16100CE3120 /* license.txt in Resources */,
				79E761102272C16100CE3120 /* NVDSP.podspec in Resources */,
			);
			runOnlyForDeploymentPostprocessing = 0;
		};
/* End PBXResourcesBuildPhase section */

/* Begin PBXSourcesBuildPhase section */
		79E760E22272C0E900CE3120 /* Sources */ = {
			isa = PBXSourcesBuildPhase;
			buildActionMask = 2147483647;
			files = (
				79E761212272C16100CE3120 /* NVBandpassQPeakGainFilter.m in Sources */,
				79E761222272C16100CE3120 /* NVHighShelvingFilter.m in Sources */,
				79E7611C2272C16100CE3120 /* NVHighpassFilter.m in Sources */,
				79E761262272C16100CE3120 /* NVLowpassFilter.m in Sources */,
				79E7611A2272C16100CE3120 /* NVNotchFilter.m in Sources */,
				79E7610E2272C16100CE3120 /* NVDSP.mm in Sources */,
				79E761132272C16100CE3120 /* NVClippingDetection.m in Sources */,
				79E761142272C16100CE3120 /* NVSoundLevelMeter.m in Sources */,
				79E7611E2272C16100CE3120 /* NVPeakingEQFilter.m in Sources */,
				79E7611B2272C16100CE3120 /* NVLowShelvingFilter.m in Sources */,
				79E761282272C16100CE3120 /* NVAllpassFilter.m in Sources */,
				79E761182272C16100CE3120 /* NVBandpassFilter.m in Sources */,
			);
			runOnlyForDeploymentPostprocessing = 0;
		};
/* End PBXSourcesBuildPhase section */

/* Begin XCBuildConfiguration section */
		79E760EC2272C0E900CE3120 /* Debug */ = {
			isa = XCBuildConfiguration;
			buildSettings = {
				ALWAYS_SEARCH_USER_PATHS = NO;
				CLANG_ANALYZER_NONNULL = YES;
				CLANG_ANALYZER_NUMBER_OBJECT_CONVERSION = YES_AGGRESSIVE;
				CLANG_CXX_LANGUAGE_STANDARD = "gnu++14";
				CLANG_CXX_LIBRARY = "libc++";
				CLANG_ENABLE_MODULES = YES;
				CLANG_ENABLE_OBJC_ARC = YES;
				CLANG_ENABLE_OBJC_WEAK = YES;
				CLANG_WARN_BLOCK_CAPTURE_AUTORELEASING = YES;
				CLANG_WARN_BOOL_CONVERSION = YES;
				CLANG_WARN_COMMA = YES;
				CLANG_WARN_CONSTANT_CONVERSION = YES;
				CLANG_WARN_DEPRECATED_OBJC_IMPLEMENTATIONS = YES;
				CLANG_WARN_DIRECT_OBJC_ISA_USAGE = YES_ERROR;
				CLANG_WARN_DOCUMENTATION_COMMENTS = YES;
				CLANG_WARN_EMPTY_BODY = YES;
				CLANG_WARN_ENUM_CONVERSION = YES;
				CLANG_WARN_INFINITE_RECURSION = YES;
				CLANG_WARN_INT_CONVERSION = YES;
				CLANG_WARN_NON_LITERAL_NULL_CONVERSION = YES;
				CLANG_WARN_OBJC_IMPLICIT_RETAIN_SELF = YES;
				CLANG_WARN_OBJC_LITERAL_CONVERSION = YES;
				CLANG_WARN_OBJC_ROOT_CLASS = YES_ERROR;
				CLANG_WARN_RANGE_LOOP_ANALYSIS = YES;
				CLANG_WARN_STRICT_PROTOTYPES = YES;
				CLANG_WARN_SUSPICIOUS_MOVE = YES;
				CLANG_WARN_UNGUARDED_AVAILABILITY = YES_AGGRESSIVE;
				CLANG_WARN_UNREACHABLE_CODE = YES;
				CLANG_WARN__DUPLICATE_METHOD_MATCH = YES;
				CODE_SIGN_IDENTITY = "iPhone Developer";
				COPY_PHASE_STRIP = NO;
				CURRENT_PROJECT_VERSION = 1;
				DEBUG_INFORMATION_FORMAT = dwarf;
				ENABLE_STRICT_OBJC_MSGSEND = YES;
				ENABLE_TESTABILITY = YES;
				GCC_C_LANGUAGE_STANDARD = gnu11;
				GCC_DYNAMIC_NO_PIC = NO;
				GCC_NO_COMMON_BLOCKS = YES;
				GCC_OPTIMIZATION_LEVEL = 0;
				GCC_PREPROCESSOR_DEFINITIONS = (
					"DEBUG=1",
					"$(inherited)",
				);
				GCC_WARN_64_TO_32_BIT_CONVERSION = YES;
				GCC_WARN_ABOUT_RETURN_TYPE = YES_ERROR;
				GCC_WARN_UNDECLARED_SELECTOR = YES;
				GCC_WARN_UNINITIALIZED_AUTOS = YES_AGGRESSIVE;
				GCC_WARN_UNUSED_FUNCTION = YES;
				GCC_WARN_UNUSED_VARIABLE = YES;
				IPHONEOS_DEPLOYMENT_TARGET = 12.2;
				MTL_ENABLE_DEBUG_INFO = INCLUDE_SOURCE;
				MTL_FAST_MATH = YES;
				ONLY_ACTIVE_ARCH = YES;
				SDKROOT = iphoneos;
				VERSIONING_SYSTEM = "apple-generic";
				VERSION_INFO_PREFIX = "";
			};
			name = Debug;
		};
		79E760ED2272C0E900CE3120 /* Release */ = {
			isa = XCBuildConfiguration;
			buildSettings = {
				ALWAYS_SEARCH_USER_PATHS = NO;
				CLANG_ANALYZER_NONNULL = YES;
				CLANG_ANALYZER_NUMBER_OBJECT_CONVERSION = YES_AGGRESSIVE;
				CLANG_CXX_LANGUAGE_STANDARD = "gnu++14";
				CLANG_CXX_LIBRARY = "libc++";
				CLANG_ENABLE_MODULES = YES;
				CLANG_ENABLE_OBJC_ARC = YES;
				CLANG_ENABLE_OBJC_WEAK = YES;
				CLANG_WARN_BLOCK_CAPTURE_AUTORELEASING = YES;
				CLANG_WARN_BOOL_CONVERSION = YES;
				CLANG_WARN_COMMA = YES;
				CLANG_WARN_CONSTANT_CONVERSION = YES;
				CLANG_WARN_DEPRECATED_OBJC_IMPLEMENTATIONS = YES;
				CLANG_WARN_DIRECT_OBJC_ISA_USAGE = YES_ERROR;
				CLANG_WARN_DOCUMENTATION_COMMENTS = YES;
				CLANG_WARN_EMPTY_BODY = YES;
				CLANG_WARN_ENUM_CONVERSION = YES;
				CLANG_WARN_INFINITE_RECURSION = YES;
				CLANG_WARN_INT_CONVERSION = YES;
				CLANG_WARN_NON_LITERAL_NULL_CONVERSION = YES;
				CLANG_WARN_OBJC_IMPLICIT_RETAIN_SELF = YES;
				CLANG_WARN_OBJC_LITERAL_CONVERSION = YES;
				CLANG_WARN_OBJC_ROOT_CLASS = YES_ERROR;
				CLANG_WARN_RANGE_LOOP_ANALYSIS = YES;
				CLANG_WARN_STRICT_PROTOTYPES = YES;
				CLANG_WARN_SUSPICIOUS_MOVE = YES;
				CLANG_WARN_UNGUARDED_AVAILABILITY = YES_AGGRESSIVE;
				CLANG_WARN_UNREACHABLE_CODE = YES;
				CLANG_WARN__DUPLICATE_METHOD_MATCH = YES;
				CODE_SIGN_IDENTITY = "iPhone Developer";
				COPY_PHASE_STRIP = NO;
				CURRENT_PROJECT_VERSION = 1;
				DEBUG_INFORMATION_FORMAT = "dwarf-with-dsym";
				ENABLE_NS_ASSERTIONS = NO;
				ENABLE_STRICT_OBJC_MSGSEND = YES;
				GCC_C_LANGUAGE_STANDARD = gnu11;
				GCC_NO_COMMON_BLOCKS = YES;
				GCC_WARN_64_TO_32_BIT_CONVERSION = YES;
				GCC_WARN_ABOUT_RETURN_TYPE = YES_ERROR;
				GCC_WARN_UNDECLARED_SELECTOR = YES;
				GCC_WARN_UNINITIALIZED_AUTOS = YES_AGGRESSIVE;
				GCC_WARN_UNUSED_FUNCTION = YES;
				GCC_WARN_UNUSED_VARIABLE = YES;
				IPHONEOS_DEPLOYMENT_TARGET = 12.2;
				MTL_ENABLE_DEBUG_INFO = NO;
				MTL_FAST_MATH = YES;
				SDKROOT = iphoneos;
				VALIDATE_PRODUCT = YES;
				VERSIONING_SYSTEM = "apple-generic";
				VERSION_INFO_PREFIX = "";
			};
			name = Release;
		};
		79E760EF2272C0E900CE3120 /* Debug */ = {
			isa = XCBuildConfiguration;
			buildSettings = {
				CODE_SIGN_IDENTITY = "";
				CODE_SIGN_STYLE = Automatic;
				DEFINES_MODULE = YES;
				DEVELOPMENT_TEAM = 7C9669A23T;
				DYLIB_COMPATIBILITY_VERSION = 1;
				DYLIB_CURRENT_VERSION = 1;
				DYLIB_INSTALL_NAME_BASE = "@rpath";
				INFOPLIST_FILE = NVDSP/Info.plist;
				INSTALL_PATH = "$(LOCAL_LIBRARY_DIR)/Frameworks";
				LD_RUNPATH_SEARCH_PATHS = (
					"$(inherited)",
					"@executable_path/Frameworks",
					"@loader_path/Frameworks",
				);
				PRODUCT_BUNDLE_IDENTIFIER = BlackBricks.NVDSP;
				PRODUCT_NAME = "$(TARGET_NAME:c99extidentifier)";
				SKIP_INSTALL = YES;
				TARGETED_DEVICE_FAMILY = "1,2";
			};
			name = Debug;
		};
		79E760F02272C0E900CE3120 /* Release */ = {
			isa = XCBuildConfiguration;
			buildSettings = {
				CODE_SIGN_IDENTITY = "";
				CODE_SIGN_STYLE = Automatic;
				DEFINES_MODULE = YES;
				DEVELOPMENT_TEAM = 7C9669A23T;
				DYLIB_COMPATIBILITY_VERSION = 1;
				DYLIB_CURRENT_VERSION = 1;
				DYLIB_INSTALL_NAME_BASE = "@rpath";
				INFOPLIST_FILE = NVDSP/Info.plist;
				INSTALL_PATH = "$(LOCAL_LIBRARY_DIR)/Frameworks";
				LD_RUNPATH_SEARCH_PATHS = (
					"$(inherited)",
					"@executable_path/Frameworks",
					"@loader_path/Frameworks",
				);
				PRODUCT_BUNDLE_IDENTIFIER = BlackBricks.NVDSP;
				PRODUCT_NAME = "$(TARGET_NAME:c99extidentifier)";
				SKIP_INSTALL = YES;
				TARGETED_DEVICE_FAMILY = "1,2";
			};
			name = Release;
		};
/* End XCBuildConfiguration section */

/* Begin XCConfigurationList section */
		79E760E02272C0E900CE3120 /* Build configuration list for PBXProject "NVDSP" */ = {
			isa = XCConfigurationList;
			buildConfigurations = (
				79E760EC2272C0E900CE3120 /* Debug */,
				79E760ED2272C0E900CE3120 /* Release */,
			);
			defaultConfigurationIsVisible = 0;
			defaultConfigurationName = Release;
		};
		79E760EE2272C0E900CE3120 /* Build configuration list for PBXNativeTarget "NVDSP" */ = {
			isa = XCConfigurationList;
			buildConfigurations = (
				79E760EF2272C0E900CE3120 /* Debug */,
				79E760F02272C0E900CE3120 /* Release */,
			);
			defaultConfigurationIsVisible = 0;
			defaultConfigurationName = Release;
		};
/* End XCConfigurationList section */
	};
	rootObject = 79E760DD2272C0E900CE3120 /* Project object */;
}
